
Microsoft Visual Studio Solution File, Format Version 12.00
# Visual Studio Version 16
VisualStudioVersion = 16.0.30907.101
MinimumVisualStudioVersion = 10.0.40219.1
Project("{9A19103F-16F7-4668-BE54-9A1E7A4F7556}") = "KampIntro", "KampIntro\KampIntro.csproj", "{F6EDA13E-7FD0-4348-8A11-96E1FEFF9F03}"
EndProject
Project("{9A19103F-16F7-4668-BE54-9A1E7A4F7556}") = "ClassMetotDemo", "ClassMusteriDemo\ClassMetotDemo.csproj", "{F0A744A8-1144-411A-B49E-82CDF005A132}"
EndProject
Project("{9A19103F-16F7-4668-BE54-9A1E7A4F7556}") = "OOP1", "OOP1\OOP1.csproj", "{F8D2D352-37E4-4DC9-A059-8D2B1102105F}"
EndProject
Project("{9A19103F-16F7-4668-BE54-9A1E7A4F7556}") = "Koleksiyonlar", "Koleksiyonlar\Koleksiyonlar.csproj", "{A9CDF260-6068-4E3B-849B-C94F1AFEA8E0}"
EndProject
Project("{9A19103F-16F7-4668-BE54-9A1E7A4F7556}") = "ClassIntro", "ClassIntro\ClassIntro.csproj", "{E21E315A-5049-4B23-8415-5F2DA7781E3E}"
EndProject
Project("{9A19103F-16F7-4668-BE54-9A1E7A4F7556}") = "Metotlar", "Metotlar\Metotlar.csproj", "{4639D36E-9E6E-49E5-90D3-3C7C2F162A2F}"
EndProject
Project("{9A19103F-16F7-4668-BE54-9A1E7A4F7556}") = "Matematik", "Matematik\Matematik.csproj", "{B1ACFEB9-3802-48FC-8724-B21B1D0ED257}"
EndProject
Project("{9A19103F-16F7-4668-BE54-9A1E7A4F7556}") = "Donguler", "Donguler\Donguler.csproj", "{ADBF7706-44E2-47C7-BD45-68333AD55484}"
EndProject
Project("{9A19103F-16F7-4668-BE54-9A1E7A4F7556}") = "GenericsIntro", "GenericsIntro\GenericsIntro.csproj", "{4B526587-AE9C-402A-A328-A173623DCDC1}"
EndProject
Project("{9A19103F-16F7-4668-BE54-9A1E7A4F7556}") = "MyDictionary", "MyDictionary\MyDictionary.csproj", "{900577D1-CC05-492F-A82F-5A31F011D1EE}"
EndProject
Project("{FAE04EC0-301F-11D3-BF4B-00C04F79EFBC}") = "OOP2", "OOP2\OOP2.csproj", "{F173BC45-C458-4617-8C82-0F6A3F6D8DB9}"
EndProject
Project("{FAE04EC0-301F-11D3-BF4B-00C04F79EFBC}") = "OOP3", "OOP3\OOP3.csproj", "{B83B44FD-8FDF-4258-A499-779383F224CF}"
EndProject
Global
	GlobalSection(SolutionConfigurationPlatforms) = preSolution
		Debug|Any CPU = Debug|Any CPU
		Release|Any CPU = Release|Any CPU
	EndGlobalSection
	GlobalSection(ProjectConfigurationPlatforms) = postSolution
		{F6EDA13E-7FD0-4348-8A11-96E1FEFF9F03}.Debug|Any CPU.ActiveCfg = Debug|Any CPU
		{F6EDA13E-7FD0-4348-8A11-96E1FEFF9F03}.Debug|Any CPU.Build.0 = Debug|Any CPU
		{F6EDA13E-7FD0-4348-8A11-96E1FEFF9F03}.Release|Any CPU.ActiveCfg = Release|Any CPU
		{F6EDA13E-7FD0-4348-8A11-96E1FEFF9F03}.Release|Any CPU.Build.0 = Release|Any CPU
		{F0A744A8-1144-411A-B49E-82CDF005A132}.Debug|Any CPU.ActiveCfg = Debug|Any CPU
		{F0A744A8-1144-411A-B49E-82CDF005A132}.Debug|Any CPU.Build.0 = Debug|Any CPU
		{F0A744A8-1144-411A-B49E-82CDF005A132}.Release|Any CPU.ActiveCfg = Release|Any CPU
		{F0A744A8-1144-411A-B49E-82CDF005A132}.Release|Any CPU.Build.0 = Release|Any CPU
		{F8D2D352-37E4-4DC9-A059-8D2B1102105F}.Debug|Any CPU.ActiveCfg = Debug|Any CPU
		{F8D2D352-37E4-4DC9-A059-8D2B1102105F}.Debug|Any CPU.Build.0 = Debug|Any CPU
		{F8D2D352-37E4-4DC9-A059-8D2B1102105F}.Release|Any CPU.ActiveCfg = Release|Any CPU
		{F8D2D352-37E4-4DC9-A059-8D2B1102105F}.Release|Any CPU.Build.0 = Release|Any CPU
		{A9CDF260-6068-4E3B-849B-C94F1AFEA8E0}.Debug|Any CPU.ActiveCfg = Debug|Any CPU
		{A9CDF260-6068-4E3B-849B-C94F1AFEA8E0}.Debug|Any CPU.Build.0 = Debug|Any CPU
		{A9CDF260-6068-4E3B-849B-C94F1AFEA8E0}.Release|Any CPU.ActiveCfg = Release|Any CPU
		{A9CDF260-6068-4E3B-849B-C94F1AFEA8E0}.Release|Any CPU.Build.0 = Release|Any CPU
		{E21E315A-5049-4B23-8415-5F2DA7781E3E}.Debug|Any CPU.ActiveCfg = Debug|Any CPU
		{E21E315A-5049-4B23-8415-5F2DA7781E3E}.Debug|Any CPU.Build.0 = Debug|Any CPU
		{E21E315A-5049-4B23-8415-5F2DA7781E3E}.Release|Any CPU.ActiveCfg = Release|Any CPU
		{E21E315A-5049-4B23-8415-5F2DA7781E3E}.Release|Any CPU.Build.0 = Release|Any CPU
		{4639D36E-9E6E-49E5-90D3-3C7C2F162A2F}.Debug|Any CPU.ActiveCfg = Debug|Any CPU
		{4639D36E-9E6E-49E5-90D3-3C7C2F162A2F}.Debug|Any CPU.Build.0 = Debug|Any CPU
		{4639D36E-9E6E-49E5-90D3-3C7C2F162A2F}.Release|Any CPU.ActiveCfg = Release|Any CPU
		{4639D36E-9E6E-49E5-90D3-3C7C2F162A2F}.Release|Any CPU.Build.0 = Release|Any CPU
		{B1ACFEB9-3802-48FC-8724-B21B1D0ED257}.Debug|Any CPU.ActiveCfg = Debug|Any CPU
		{B1ACFEB9-3802-48FC-8724-B21B1D0ED257}.Debug|Any CPU.Build.0 = Debug|Any CPU
		{B1ACFEB9-3802-48FC-8724-B21B1D0ED257}.Release|Any CPU.ActiveCfg = Release|Any CPU
		{B1ACFEB9-3802-48FC-8724-B21B1D0ED257}.Release|Any CPU.Build.0 = Release|Any CPU
		{ADBF7706-44E2-47C7-BD45-68333AD55484}.Debug|Any CPU.ActiveCfg = Debug|Any CPU
		{ADBF7706-44E2-47C7-BD45-68333AD55484}.Debug|Any CPU.Build.0 = Debug|Any CPU
		{ADBF7706-44E2-47C7-BD45-68333AD55484}.Release|Any CPU.ActiveCfg = Release|Any CPU
		{ADBF7706-44E2-47C7-BD45-68333AD55484}.Release|Any CPU.Build.0 = Release|Any CPU
		{4B526587-AE9C-402A-A328-A173623DCDC1}.Debug|Any CPU.ActiveCfg = Debug|Any CPU
		{4B526587-AE9C-402A-A328-A173623DCDC1}.Debug|Any CPU.Build.0 = Debug|Any CPU
		{4B526587-AE9C-402A-A328-A173623DCDC1}.Release|Any CPU.ActiveCfg = Release|Any CPU
		{4B526587-AE9C-402A-A328-A173623DCDC1}.Release|Any CPU.Build.0 = Release|Any CPU
		{900577D1-CC05-492F-A82F-5A31F011D1EE}.Debug|Any CPU.ActiveCfg = Debug|Any CPU
		{900577D1-CC05-492F-A82F-5A31F011D1EE}.Debug|Any CPU.Build.0 = Debug|Any CPU
		{900577D1-CC05-492F-A82F-5A31F011D1EE}.Release|Any CPU.ActiveCfg = Release|Any CPU
		{900577D1-CC05-492F-A82F-5A31F011D1EE}.Release|Any CPU.Build.0 = Release|Any CPU
		{F173BC45-C458-4617-8C82-0F6A3F6D8DB9}.Debug|Any CPU.ActiveCfg = Debug|Any CPU
		{F173BC45-C458-4617-8C82-0F6A3F6D8DB9}.Debug|Any CPU.Build.0 = Debug|Any CPU
		{F173BC45-C458-4617-8C82-0F6A3F6D8DB9}.Release|Any CPU.ActiveCfg = Release|Any CPU
		{F173BC45-C458-4617-8C82-0F6A3F6D8DB9}.Release|Any CPU.Build.0 = Release|Any CPU
		{B83B44FD-8FDF-4258-A499-779383F224CF}.Debug|Any CPU.ActiveCfg = Debug|Any CPU
		{B83B44FD-8FDF-4258-A499-779383F224CF}.Debug|Any CPU.Build.0 = Debug|Any CPU
		{B83B44FD-8FDF-4258-A499-779383F224CF}.Release|Any CPU.ActiveCfg = Release|Any CPU
		{B83B44FD-8FDF-4258-A499-779383F224CF}.Release|Any CPU.Build.0 = Release|Any CPU
	EndGlobalSection
	GlobalSection(SolutionProperties) = preSolution
		HideSolutionNode = FALSE
	EndGlobalSection
	GlobalSection(ExtensibilityGlobals) = postSolution
		SolutionGuid = {30A5C9D4-0621-4DF9-9F9A-69BDAFE375E3}
	EndGlobalSection
EndGlobal
